
Microsoft Visual Studio Solution File, Format Version 11.00
# Visual Studio 2010
Project("{FAE04EC0-301F-11D3-BF4B-00C04F79EFBC}") = "ServiceStackApp", "ServiceStackApp\ServiceStackApp.csproj", "{C1654F08-705B-40B3-AB5D-FB5DD5C207A6}"
EndProject
Project("{FAE04EC0-301F-11D3-BF4B-00C04F79EFBC}") = "IntegrationTests", "IntegrationTests\IntegrationTests.csproj", "{D5717B34-B9BF-4143-BFCA-6ADB0D23A29F}"
EndProject
Project("{2150E333-8FDC-42A3-9474-1A3956D46DE8}") = ".nuget", ".nuget", "{D74FC804-FEEB-4980-A96F-53C95D5BAF53}"
	ProjectSection(SolutionItems) = preProject
		.nuget\NuGet.exe = .nuget\NuGet.exe
		.nuget\NuGet.targets = .nuget\NuGet.targets
	EndProjectSection
EndProject
Global
	GlobalSection(SolutionConfigurationPlatforms) = preSolution
		Debug|Any CPU = Debug|Any CPU
		Release|Any CPU = Release|Any CPU
	EndGlobalSection
	GlobalSection(ProjectConfigurationPlatforms) = postSolution
		{C1654F08-705B-40B3-AB5D-FB5DD5C207A6}.Debug|Any CPU.ActiveCfg = Debug|Any CPU
		{C1654F08-705B-40B3-AB5D-FB5DD5C207A6}.Debug|Any CPU.Build.0 = Debug|Any CPU
		{C1654F08-705B-40B3-AB5D-FB5DD5C207A6}.Release|Any CPU.ActiveCfg = Release|Any CPU
		{C1654F08-705B-40B3-AB5D-FB5DD5C207A6}.Release|Any CPU.Build.0 = Release|Any CPU
		{D5717B34-B9BF-4143-BFCA-6ADB0D23A29F}.Debug|Any CPU.ActiveCfg = Debug|Any CPU
		{D5717B34-B9BF-4143-BFCA-6ADB0D23A29F}.Debug|Any CPU.Build.0 = Debug|Any CPU
		{D5717B34-B9BF-4143-BFCA-6ADB0D23A29F}.Release|Any CPU.ActiveCfg = Release|Any CPU
		{D5717B34-B9BF-4143-BFCA-6ADB0D23A29F}.Release|Any CPU.Build.0 = Release|Any CPU
	EndGlobalSection
	GlobalSection(SolutionProperties) = preSolution
		HideSolutionNode = FALSE
	EndGlobalSection
EndGlobal
